
Microsoft Visual Studio Solution File, Format Version 12.00
# Visual Studio 14
VisualStudioVersion = 14.0.25420.1
MinimumVisualStudioVersion = 10.0.40219.1
Project("{FAE04EC0-301F-11D3-BF4B-00C04F79EFBC}") = "LocalNotificationsSample", "LocalNotificationsSample\LocalNotificationsSample.csproj", "{B83E7239-388A-4508-B773-F84295BE9C04}"
EndProject
Project("{FAE04EC0-301F-11D3-BF4B-00C04F79EFBC}") = "LocalNotificationsSample.Droid", "LocalNotificationsSample.Droid\LocalNotificationsSample.Droid.csproj", "{4E317E8F-1C02-4D01-B6EF-B9546813DC6A}"
EndProject
Project("{FAE04EC0-301F-11D3-BF4B-00C04F79EFBC}") = "LocalNotificationsSample.iOS", "LocalNotificationsSample.iOS\LocalNotificationsSample.iOS.csproj", "{0597E7C9-C705-4B47-9763-AB5F821409F5}"
EndProject
Project("{FAE04EC0-301F-11D3-BF4B-00C04F79EFBC}") = "LocalNotificationsSample.WinPhone", "LocalNotificationsSample.WinPhone\LocalNotificationsSample.WinPhone.csproj", "{FE2B197B-4860-4CE9-9B55-362176CB3020}"
EndProject
Project("{FAE04EC0-301F-11D3-BF4B-00C04F79EFBC}") = "LocalNotificationsSample.UWP", "LocalNotificationsSample.UWP\LocalNotificationsSample.UWP.csproj", "{9F27F9EE-844B-4493-A0D5-6A60EEB7E5C4}"
EndProject
Project("{FAE04EC0-301F-11D3-BF4B-00C04F79EFBC}") = "LocalNotificationsSample.Windows", "LocalNotificationsSample.Windows\LocalNotificationsSample.Windows.csproj", "{3D56C28F-596D-4EFE-A011-E869DE09A336}"
EndProject
Global
	GlobalSection(SolutionConfigurationPlatforms) = preSolution
		Ad-Hoc|Any CPU = Ad-Hoc|Any CPU
		Ad-Hoc|ARM = Ad-Hoc|ARM
		Ad-Hoc|iPhone = Ad-Hoc|iPhone
		Ad-Hoc|iPhoneSimulator = Ad-Hoc|iPhoneSimulator
		Ad-Hoc|x64 = Ad-Hoc|x64
		Ad-Hoc|x86 = Ad-Hoc|x86
		AppStore|Any CPU = AppStore|Any CPU
		AppStore|ARM = AppStore|ARM
		AppStore|iPhone = AppStore|iPhone
		AppStore|iPhoneSimulator = AppStore|iPhoneSimulator
		AppStore|x64 = AppStore|x64
		AppStore|x86 = AppStore|x86
		Debug|Any CPU = Debug|Any CPU
		Debug|ARM = Debug|ARM
		Debug|iPhone = Debug|iPhone
		Debug|iPhoneSimulator = Debug|iPhoneSimulator
		Debug|x64 = Debug|x64
		Debug|x86 = Debug|x86
		Release|Any CPU = Release|Any CPU
		Release|ARM = Release|ARM
		Release|iPhone = Release|iPhone
		Release|iPhoneSimulator = Release|iPhoneSimulator
		Release|x64 = Release|x64
		Release|x86 = Release|x86
	EndGlobalSection
	GlobalSection(ProjectConfigurationPlatforms) = postSolution
		{B83E7239-388A-4508-B773-F84295BE9C04}.Ad-Hoc|Any CPU.ActiveCfg = Release|Any CPU
		{B83E7239-388A-4508-B773-F84295BE9C04}.Ad-Hoc|Any CPU.Build.0 = Release|Any CPU
		{B83E7239-388A-4508-B773-F84295BE9C04}.Ad-Hoc|ARM.ActiveCfg = Release|Any CPU
		{B83E7239-388A-4508-B773-F84295BE9C04}.Ad-Hoc|ARM.Build.0 = Release|Any CPU
		{B83E7239-388A-4508-B773-F84295BE9C04}.Ad-Hoc|iPhone.ActiveCfg = Release|Any CPU
		{B83E7239-388A-4508-B773-F84295BE9C04}.Ad-Hoc|iPhone.Build.0 = Release|Any CPU
		{B83E7239-388A-4508-B773-F84295BE9C04}.Ad-Hoc|iPhoneSimulator.ActiveCfg = Release|Any CPU
		{B83E7239-388A-4508-B773-F84295BE9C04}.Ad-Hoc|iPhoneSimulator.Build.0 = Release|Any CPU
		{B83E7239-388A-4508-B773-F84295BE9C04}.Ad-Hoc|x64.ActiveCfg = Release|Any CPU
		{B83E7239-388A-4508-B773-F84295BE9C04}.Ad-Hoc|x64.Build.0 = Release|Any CPU
		{B83E7239-388A-4508-B773-F84295BE9C04}.Ad-Hoc|x86.ActiveCfg = Release|Any CPU
		{B83E7239-388A-4508-B773-F84295BE9C04}.Ad-Hoc|x86.Build.0 = Release|Any CPU
		{B83E7239-388A-4508-B773-F84295BE9C04}.AppStore|Any CPU.ActiveCfg = Release|Any CPU
		{B83E7239-388A-4508-B773-F84295BE9C04}.AppStore|Any CPU.Build.0 = Release|Any CPU
		{B83E7239-388A-4508-B773-F84295BE9C04}.AppStore|ARM.ActiveCfg = Release|Any CPU
		{B83E7239-388A-4508-B773-F84295BE9C04}.AppStore|ARM.Build.0 = Release|Any CPU
		{B83E7239-388A-4508-B773-F84295BE9C04}.AppStore|iPhone.ActiveCfg = Release|Any CPU
		{B83E7239-388A-4508-B773-F84295BE9C04}.AppStore|iPhone.Build.0 = Release|Any CPU
		{B83E7239-388A-4508-B773-F84295BE9C04}.AppStore|iPhoneSimulator.ActiveCfg = Release|Any CPU
		{B83E7239-388A-4508-B773-F84295BE9C04}.AppStore|iPhoneSimulator.Build.0 = Release|Any CPU
		{B83E7239-388A-4508-B773-F84295BE9C04}.AppStore|x64.ActiveCfg = Release|Any CPU
		{B83E7239-388A-4508-B773-F84295BE9C04}.AppStore|x64.Build.0 = Release|Any CPU
		{B83E7239-388A-4508-B773-F84295BE9C04}.AppStore|x86.ActiveCfg = Release|Any CPU
		{B83E7239-388A-4508-B773-F84295BE9C04}.AppStore|x86.Build.0 = Release|Any CPU
		{B83E7239-388A-4508-B773-F84295BE9C04}.Debug|Any CPU.ActiveCfg = Debug|Any CPU
		{B83E7239-388A-4508-B773-F84295BE9C04}.Debug|Any CPU.Build.0 = Debug|Any CPU
		{B83E7239-388A-4508-B773-F84295BE9C04}.Debug|ARM.ActiveCfg = Debug|Any CPU
		{B83E7239-388A-4508-B773-F84295BE9C04}.Debug|ARM.Build.0 = Debug|Any CPU
		{B83E7239-388A-4508-B773-F84295BE9C04}.Debug|iPhone.ActiveCfg = Debug|Any CPU
		{B83E7239-388A-4508-B773-F84295BE9C04}.Debug|iPhone.Build.0 = Debug|Any CPU
		{B83E7239-388A-4508-B773-F84295BE9C04}.Debug|iPhoneSimulator.ActiveCfg = Debug|Any CPU
		{B83E7239-388A-4508-B773-F84295BE9C04}.Debug|iPhoneSimulator.Build.0 = Debug|Any CPU
		{B83E7239-388A-4508-B773-F84295BE9C04}.Debug|x64.ActiveCfg = Debug|Any CPU
		{B83E7239-388A-4508-B773-F84295BE9C04}.Debug|x64.Build.0 = Debug|Any CPU
		{B83E7239-388A-4508-B773-F84295BE9C04}.Debug|x86.ActiveCfg = Debug|Any CPU
		{B83E7239-388A-4508-B773-F84295BE9C04}.Debug|x86.Build.0 = Debug|Any CPU
		{B83E7239-388A-4508-B773-F84295BE9C04}.Release|Any CPU.ActiveCfg = Release|Any CPU
		{B83E7239-388A-4508-B773-F84295BE9C04}.Release|Any CPU.Build.0 = Release|Any CPU
		{B83E7239-388A-4508-B773-F84295BE9C04}.Release|ARM.ActiveCfg = Release|Any CPU
		{B83E7239-388A-4508-B773-F84295BE9C04}.Release|ARM.Build.0 = Release|Any CPU
		{B83E7239-388A-4508-B773-F84295BE9C04}.Release|iPhone.ActiveCfg = Release|Any CPU
		{B83E7239-388A-4508-B773-F84295BE9C04}.Release|iPhone.Build.0 = Release|Any CPU
		{B83E7239-388A-4508-B773-F84295BE9C04}.Release|iPhoneSimulator.ActiveCfg = Release|Any CPU
		{B83E7239-388A-4508-B773-F84295BE9C04}.Release|iPhoneSimulator.Build.0 = Release|Any CPU
		{B83E7239-388A-4508-B773-F84295BE9C04}.Release|x64.ActiveCfg = Release|Any CPU
		{B83E7239-388A-4508-B773-F84295BE9C04}.Release|x64.Build.0 = Release|Any CPU
		{B83E7239-388A-4508-B773-F84295BE9C04}.Release|x86.ActiveCfg = Release|Any CPU
		{B83E7239-388A-4508-B773-F84295BE9C04}.Release|x86.Build.0 = Release|Any CPU
		{4E317E8F-1C02-4D01-B6EF-B9546813DC6A}.Ad-Hoc|Any CPU.ActiveCfg = Release|Any CPU
		{4E317E8F-1C02-4D01-B6EF-B9546813DC6A}.Ad-Hoc|Any CPU.Build.0 = Release|Any CPU
		{4E317E8F-1C02-4D01-B6EF-B9546813DC6A}.Ad-Hoc|Any CPU.Deploy.0 = Release|Any CPU
		{4E317E8F-1C02-4D01-B6EF-B9546813DC6A}.Ad-Hoc|ARM.ActiveCfg = Release|Any CPU
		{4E317E8F-1C02-4D01-B6EF-B9546813DC6A}.Ad-Hoc|ARM.Build.0 = Release|Any CPU
		{4E317E8F-1C02-4D01-B6EF-B9546813DC6A}.Ad-Hoc|ARM.Deploy.0 = Release|Any CPU
		{4E317E8F-1C02-4D01-B6EF-B9546813DC6A}.Ad-Hoc|iPhone.ActiveCfg = Release|Any CPU
		{4E317E8F-1C02-4D01-B6EF-B9546813DC6A}.Ad-Hoc|iPhone.Build.0 = Release|Any CPU
		{4E317E8F-1C02-4D01-B6EF-B9546813DC6A}.Ad-Hoc|iPhone.Deploy.0 = Release|Any CPU
		{4E317E8F-1C02-4D01-B6EF-B9546813DC6A}.Ad-Hoc|iPhoneSimulator.ActiveCfg = Release|Any CPU
		{4E317E8F-1C02-4D01-B6EF-B9546813DC6A}.Ad-Hoc|iPhoneSimulator.Build.0 = Release|Any CPU
		{4E317E8F-1C02-4D01-B6EF-B9546813DC6A}.Ad-Hoc|iPhoneSimulator.Deploy.0 = Release|Any CPU
		{4E317E8F-1C02-4D01-B6EF-B9546813DC6A}.Ad-Hoc|x64.ActiveCfg = Release|Any CPU
		{4E317E8F-1C02-4D01-B6EF-B9546813DC6A}.Ad-Hoc|x64.Build.0 = Release|Any CPU
		{4E317E8F-1C02-4D01-B6EF-B9546813DC6A}.Ad-Hoc|x64.Deploy.0 = Release|Any CPU
		{4E317E8F-1C02-4D01-B6EF-B9546813DC6A}.Ad-Hoc|x86.ActiveCfg = Release|Any CPU
		{4E317E8F-1C02-4D01-B6EF-B9546813DC6A}.Ad-Hoc|x86.Build.0 = Release|Any CPU
		{4E317E8F-1C02-4D01-B6EF-B9546813DC6A}.Ad-Hoc|x86.Deploy.0 = Release|Any CPU
		{4E317E8F-1C02-4D01-B6EF-B9546813DC6A}.AppStore|Any CPU.ActiveCfg = Release|Any CPU
		{4E317E8F-1C02-4D01-B6EF-B9546813DC6A}.AppStore|Any CPU.Build.0 = Release|Any CPU
		{4E317E8F-1C02-4D01-B6EF-B9546813DC6A}.AppStore|Any CPU.Deploy.0 = Release|Any CPU
		{4E317E8F-1C02-4D01-B6EF-B9546813DC6A}.AppStore|ARM.ActiveCfg = Release|Any CPU
		{4E317E8F-1C02-4D01-B6EF-B9546813DC6A}.AppStore|ARM.Build.0 = Release|Any CPU
		{4E317E8F-1C02-4D01-B6EF-B9546813DC6A}.AppStore|ARM.Deploy.0 = Release|Any CPU
		{4E317E8F-1C02-4D01-B6EF-B9546813DC6A}.AppStore|iPhone.ActiveCfg = Release|Any CPU
		{4E317E8F-1C02-4D01-B6EF-B9546813DC6A}.AppStore|iPhone.Build.0 = Release|Any CPU
		{4E317E8F-1C02-4D01-B6EF-B9546813DC6A}.AppStore|iPhone.Deploy.0 = Release|Any CPU
		{4E317E8F-1C02-4D01-B6EF-B9546813DC6A}.AppStore|iPhoneSimulator.ActiveCfg = Release|Any CPU
		{4E317E8F-1C02-4D01-B6EF-B9546813DC6A}.AppStore|iPhoneSimulator.Build.0 = Release|Any CPU
		{4E317E8F-1C02-4D01-B6EF-B9546813DC6A}.AppStore|iPhoneSimulator.Deploy.0 = Release|Any CPU
		{4E317E8F-1C02-4D01-B6EF-B9546813DC6A}.AppStore|x64.ActiveCfg = Release|Any CPU
		{4E317E8F-1C02-4D01-B6EF-B9546813DC6A}.AppStore|x64.Build.0 = Release|Any CPU
		{4E317E8F-1C02-4D01-B6EF-B9546813DC6A}.AppStore|x64.Deploy.0 = Release|Any CPU
		{4E317E8F-1C02-4D01-B6EF-B9546813DC6A}.AppStore|x86.ActiveCfg = Release|Any CPU
		{4E317E8F-1C02-4D01-B6EF-B9546813DC6A}.AppStore|x86.Build.0 = Release|Any CPU
		{4E317E8F-1C02-4D01-B6EF-B9546813DC6A}.AppStore|x86.Deploy.0 = Release|Any CPU
		{4E317E8F-1C02-4D01-B6EF-B9546813DC6A}.Debug|Any CPU.ActiveCfg = Debug|Any CPU
		{4E317E8F-1C02-4D01-B6EF-B9546813DC6A}.Debug|Any CPU.Build.0 = Debug|Any CPU
		{4E317E8F-1C02-4D01-B6EF-B9546813DC6A}.Debug|Any CPU.Deploy.0 = Debug|Any CPU
		{4E317E8F-1C02-4D01-B6EF-B9546813DC6A}.Debug|ARM.ActiveCfg = Debug|Any CPU
		{4E317E8F-1C02-4D01-B6EF-B9546813DC6A}.Debug|ARM.Build.0 = Debug|Any CPU
		{4E317E8F-1C02-4D01-B6EF-B9546813DC6A}.Debug|ARM.Deploy.0 = Debug|Any CPU
		{4E317E8F-1C02-4D01-B6EF-B9546813DC6A}.Debug|iPhone.ActiveCfg = Debug|Any CPU
		{4E317E8F-1C02-4D01-B6EF-B9546813DC6A}.Debug|iPhone.Build.0 = Debug|Any CPU
		{4E317E8F-1C02-4D01-B6EF-B9546813DC6A}.Debug|iPhone.Deploy.0 = Debug|Any CPU
		{4E317E8F-1C02-4D01-B6EF-B9546813DC6A}.Debug|iPhoneSimulator.ActiveCfg = Debug|Any CPU
		{4E317E8F-1C02-4D01-B6EF-B9546813DC6A}.Debug|iPhoneSimulator.Build.0 = Debug|Any CPU
		{4E317E8F-1C02-4D01-B6EF-B9546813DC6A}.Debug|iPhoneSimulator.Deploy.0 = Debug|Any CPU
		{4E317E8F-1C02-4D01-B6EF-B9546813DC6A}.Debug|x64.ActiveCfg = Debug|Any CPU
		{4E317E8F-1C02-4D01-B6EF-B9546813DC6A}.Debug|x64.Build.0 = Debug|Any CPU
		{4E317E8F-1C02-4D01-B6EF-B9546813DC6A}.Debug|x64.Deploy.0 = Debug|Any CPU
		{4E317E8F-1C02-4D01-B6EF-B9546813DC6A}.Debug|x86.ActiveCfg = Debug|Any CPU
		{4E317E8F-1C02-4D01-B6EF-B9546813DC6A}.Debug|x86.Build.0 = Debug|Any CPU
		{4E317E8F-1C02-4D01-B6EF-B9546813DC6A}.Debug|x86.Deploy.0 = Debug|Any CPU
		{4E317E8F-1C02-4D01-B6EF-B9546813DC6A}.Release|Any CPU.ActiveCfg = Release|Any CPU
		{4E317E8F-1C02-4D01-B6EF-B9546813DC6A}.Release|Any CPU.Build.0 = Release|Any CPU
		{4E317E8F-1C02-4D01-B6EF-B9546813DC6A}.Release|Any CPU.Deploy.0 = Release|Any CPU
		{4E317E8F-1C02-4D01-B6EF-B9546813DC6A}.Release|ARM.ActiveCfg = Release|Any CPU
		{4E317E8F-1C02-4D01-B6EF-B9546813DC6A}.Release|ARM.Build.0 = Release|Any CPU
		{4E317E8F-1C02-4D01-B6EF-B9546813DC6A}.Release|ARM.Deploy.0 = Release|Any CPU
		{4E317E8F-1C02-4D01-B6EF-B9546813DC6A}.Release|iPhone.ActiveCfg = Release|Any CPU
		{4E317E8F-1C02-4D01-B6EF-B9546813DC6A}.Release|iPhone.Build.0 = Release|Any CPU
		{4E317E8F-1C02-4D01-B6EF-B9546813DC6A}.Release|iPhone.Deploy.0 = Release|Any CPU
		{4E317E8F-1C02-4D01-B6EF-B9546813DC6A}.Release|iPhoneSimulator.ActiveCfg = Release|Any CPU
		{4E317E8F-1C02-4D01-B6EF-B9546813DC6A}.Release|iPhoneSimulator.Build.0 = Release|Any CPU
		{4E317E8F-1C02-4D01-B6EF-B9546813DC6A}.Release|iPhoneSimulator.Deploy.0 = Release|Any CPU
		{4E317E8F-1C02-4D01-B6EF-B9546813DC6A}.Release|x64.ActiveCfg = Release|Any CPU
		{4E317E8F-1C02-4D01-B6EF-B9546813DC6A}.Release|x64.Build.0 = Release|Any CPU
		{4E317E8F-1C02-4D01-B6EF-B9546813DC6A}.Release|x64.Deploy.0 = Release|Any CPU
		{4E317E8F-1C02-4D01-B6EF-B9546813DC6A}.Release|x86.ActiveCfg = Release|Any CPU
		{4E317E8F-1C02-4D01-B6EF-B9546813DC6A}.Release|x86.Build.0 = Release|Any CPU
		{4E317E8F-1C02-4D01-B6EF-B9546813DC6A}.Release|x86.Deploy.0 = Release|Any CPU
		{0597E7C9-C705-4B47-9763-AB5F821409F5}.Ad-Hoc|Any CPU.ActiveCfg = Ad-Hoc|iPhone
		{0597E7C9-C705-4B47-9763-AB5F821409F5}.Ad-Hoc|ARM.ActiveCfg = Ad-Hoc|iPhone
		{0597E7C9-C705-4B47-9763-AB5F821409F5}.Ad-Hoc|iPhone.ActiveCfg = Ad-Hoc|iPhone
		{0597E7C9-C705-4B47-9763-AB5F821409F5}.Ad-Hoc|iPhone.Build.0 = Ad-Hoc|iPhone
		{0597E7C9-C705-4B47-9763-AB5F821409F5}.Ad-Hoc|iPhoneSimulator.ActiveCfg = Ad-Hoc|iPhoneSimulator
		{0597E7C9-C705-4B47-9763-AB5F821409F5}.Ad-Hoc|iPhoneSimulator.Build.0 = Ad-Hoc|iPhoneSimulator
		{0597E7C9-C705-4B47-9763-AB5F821409F5}.Ad-Hoc|x64.ActiveCfg = Ad-Hoc|iPhone
		{0597E7C9-C705-4B47-9763-AB5F821409F5}.Ad-Hoc|x86.ActiveCfg = Ad-Hoc|iPhone
		{0597E7C9-C705-4B47-9763-AB5F821409F5}.AppStore|Any CPU.ActiveCfg = AppStore|iPhone
		{0597E7C9-C705-4B47-9763-AB5F821409F5}.AppStore|ARM.ActiveCfg = AppStore|iPhone
		{0597E7C9-C705-4B47-9763-AB5F821409F5}.AppStore|iPhone.ActiveCfg = AppStore|iPhone
		{0597E7C9-C705-4B47-9763-AB5F821409F5}.AppStore|iPhone.Build.0 = AppStore|iPhone
		{0597E7C9-C705-4B47-9763-AB5F821409F5}.AppStore|iPhoneSimulator.ActiveCfg = AppStore|iPhoneSimulator
		{0597E7C9-C705-4B47-9763-AB5F821409F5}.AppStore|iPhoneSimulator.Build.0 = AppStore|iPhoneSimulator
		{0597E7C9-C705-4B47-9763-AB5F821409F5}.AppStore|x64.ActiveCfg = AppStore|iPhone
		{0597E7C9-C705-4B47-9763-AB5F821409F5}.AppStore|x86.ActiveCfg = AppStore|iPhone
		{0597E7C9-C705-4B47-9763-AB5F821409F5}.Debug|Any CPU.ActiveCfg = Debug|iPhone
		{0597E7C9-C705-4B47-9763-AB5F821409F5}.Debug|ARM.ActiveCfg = Debug|iPhone
		{0597E7C9-C705-4B47-9763-AB5F821409F5}.Debug|iPhone.ActiveCfg = Debug|iPhone
		{0597E7C9-C705-4B47-9763-AB5F821409F5}.Debug|iPhone.Build.0 = Debug|iPhone
		{0597E7C9-C705-4B47-9763-AB5F821409F5}.Debug|iPhoneSimulator.ActiveCfg = Debug|iPhoneSimulator
		{0597E7C9-C705-4B47-9763-AB5F821409F5}.Debug|iPhoneSimulator.Build.0 = Debug|iPhoneSimulator
		{0597E7C9-C705-4B47-9763-AB5F821409F5}.Debug|x64.ActiveCfg = Debug|iPhone
		{0597E7C9-C705-4B47-9763-AB5F821409F5}.Debug|x86.ActiveCfg = Debug|iPhone
		{0597E7C9-C705-4B47-9763-AB5F821409F5}.Release|Any CPU.ActiveCfg = Release|iPhone
		{0597E7C9-C705-4B47-9763-AB5F821409F5}.Release|ARM.ActiveCfg = Release|iPhone
		{0597E7C9-C705-4B47-9763-AB5F821409F5}.Release|iPhone.ActiveCfg = Release|iPhone
		{0597E7C9-C705-4B47-9763-AB5F821409F5}.Release|iPhone.Build.0 = Release|iPhone
		{0597E7C9-C705-4B47-9763-AB5F821409F5}.Release|iPhoneSimulator.ActiveCfg = Release|iPhoneSimulator
		{0597E7C9-C705-4B47-9763-AB5F821409F5}.Release|iPhoneSimulator.Build.0 = Release|iPhoneSimulator
		{0597E7C9-C705-4B47-9763-AB5F821409F5}.Release|x64.ActiveCfg = Release|iPhone
		{0597E7C9-C705-4B47-9763-AB5F821409F5}.Release|x86.ActiveCfg = Release|iPhone
		{FE2B197B-4860-4CE9-9B55-362176CB3020}.Ad-Hoc|Any CPU.ActiveCfg = Release|Any CPU
		{FE2B197B-4860-4CE9-9B55-362176CB3020}.Ad-Hoc|Any CPU.Build.0 = Release|Any CPU
		{FE2B197B-4860-4CE9-9B55-362176CB3020}.Ad-Hoc|Any CPU.Deploy.0 = Release|Any CPU
		{FE2B197B-4860-4CE9-9B55-362176CB3020}.Ad-Hoc|ARM.ActiveCfg = Release|ARM
		{FE2B197B-4860-4CE9-9B55-362176CB3020}.Ad-Hoc|ARM.Build.0 = Release|ARM
		{FE2B197B-4860-4CE9-9B55-362176CB3020}.Ad-Hoc|ARM.Deploy.0 = Release|ARM
		{FE2B197B-4860-4CE9-9B55-362176CB3020}.Ad-Hoc|iPhone.ActiveCfg = Release|Any CPU
		{FE2B197B-4860-4CE9-9B55-362176CB3020}.Ad-Hoc|iPhone.Build.0 = Release|Any CPU
		{FE2B197B-4860-4CE9-9B55-362176CB3020}.Ad-Hoc|iPhone.Deploy.0 = Release|Any CPU
		{FE2B197B-4860-4CE9-9B55-362176CB3020}.Ad-Hoc|iPhoneSimulator.ActiveCfg = Release|Any CPU
		{FE2B197B-4860-4CE9-9B55-362176CB3020}.Ad-Hoc|iPhoneSimulator.Build.0 = Release|Any CPU
		{FE2B197B-4860-4CE9-9B55-362176CB3020}.Ad-Hoc|iPhoneSimulator.Deploy.0 = Release|Any CPU
		{FE2B197B-4860-4CE9-9B55-362176CB3020}.Ad-Hoc|x64.ActiveCfg = Release|Any CPU
		{FE2B197B-4860-4CE9-9B55-362176CB3020}.Ad-Hoc|x64.Build.0 = Release|Any CPU
		{FE2B197B-4860-4CE9-9B55-362176CB3020}.Ad-Hoc|x64.Deploy.0 = Release|Any CPU
		{FE2B197B-4860-4CE9-9B55-362176CB3020}.Ad-Hoc|x86.ActiveCfg = Release|x86
		{FE2B197B-4860-4CE9-9B55-362176CB3020}.Ad-Hoc|x86.Build.0 = Release|x86
		{FE2B197B-4860-4CE9-9B55-362176CB3020}.Ad-Hoc|x86.Deploy.0 = Release|x86
		{FE2B197B-4860-4CE9-9B55-362176CB3020}.AppStore|Any CPU.ActiveCfg = Release|Any CPU
		{FE2B197B-4860-4CE9-9B55-362176CB3020}.AppStore|Any CPU.Build.0 = Release|Any CPU
		{FE2B197B-4860-4CE9-9B55-362176CB3020}.AppStore|Any CPU.Deploy.0 = Release|Any CPU
		{FE2B197B-4860-4CE9-9B55-362176CB3020}.AppStore|ARM.ActiveCfg = Release|ARM
		{FE2B197B-4860-4CE9-9B55-362176CB3020}.AppStore|ARM.Build.0 = Release|ARM
		{FE2B197B-4860-4CE9-9B55-362176CB3020}.AppStore|ARM.Deploy.0 = Release|ARM
		{FE2B197B-4860-4CE9-9B55-362176CB3020}.AppStore|iPhone.ActiveCfg = Release|Any CPU
		{FE2B197B-4860-4CE9-9B55-362176CB3020}.AppStore|iPhone.Build.0 = Release|Any CPU
		{FE2B197B-4860-4CE9-9B55-362176CB3020}.AppStore|iPhone.Deploy.0 = Release|Any CPU
		{FE2B197B-4860-4CE9-9B55-362176CB3020}.AppStore|iPhoneSimulator.ActiveCfg = Release|Any CPU
		{FE2B197B-4860-4CE9-9B55-362176CB3020}.AppStore|iPhoneSimulator.Build.0 = Release|Any CPU
		{FE2B197B-4860-4CE9-9B55-362176CB3020}.AppStore|iPhoneSimulator.Deploy.0 = Release|Any CPU
		{FE2B197B-4860-4CE9-9B55-362176CB3020}.AppStore|x64.ActiveCfg = Release|Any CPU
		{FE2B197B-4860-4CE9-9B55-362176CB3020}.AppStore|x64.Build.0 = Release|Any CPU
		{FE2B197B-4860-4CE9-9B55-362176CB3020}.AppStore|x64.Deploy.0 = Release|Any CPU
		{FE2B197B-4860-4CE9-9B55-362176CB3020}.AppStore|x86.ActiveCfg = Release|x86
		{FE2B197B-4860-4CE9-9B55-362176CB3020}.AppStore|x86.Build.0 = Release|x86
		{FE2B197B-4860-4CE9-9B55-362176CB3020}.AppStore|x86.Deploy.0 = Release|x86
		{FE2B197B-4860-4CE9-9B55-362176CB3020}.Debug|Any CPU.ActiveCfg = Debug|Any CPU
		{FE2B197B-4860-4CE9-9B55-362176CB3020}.Debug|Any CPU.Build.0 = Debug|Any CPU
		{FE2B197B-4860-4CE9-9B55-362176CB3020}.Debug|Any CPU.Deploy.0 = Debug|Any CPU
		{FE2B197B-4860-4CE9-9B55-362176CB3020}.Debug|ARM.ActiveCfg = Debug|ARM
		{FE2B197B-4860-4CE9-9B55-362176CB3020}.Debug|ARM.Build.0 = Debug|ARM
		{FE2B197B-4860-4CE9-9B55-362176CB3020}.Debug|ARM.Deploy.0 = Debug|ARM
		{FE2B197B-4860-4CE9-9B55-362176CB3020}.Debug|iPhone.ActiveCfg = Debug|Any CPU
		{FE2B197B-4860-4CE9-9B55-362176CB3020}.Debug|iPhone.Build.0 = Debug|Any CPU
		{FE2B197B-4860-4CE9-9B55-362176CB3020}.Debug|iPhone.Deploy.0 = Debug|Any CPU
		{FE2B197B-4860-4CE9-9B55-362176CB3020}.Debug|iPhoneSimulator.ActiveCfg = Debug|Any CPU
		{FE2B197B-4860-4CE9-9B55-362176CB3020}.Debug|iPhoneSimulator.Build.0 = Debug|Any CPU
		{FE2B197B-4860-4CE9-9B55-362176CB3020}.Debug|iPhoneSimulator.Deploy.0 = Debug|Any CPU
		{FE2B197B-4860-4CE9-9B55-362176CB3020}.Debug|x64.ActiveCfg = Debug|Any CPU
		{FE2B197B-4860-4CE9-9B55-362176CB3020}.Debug|x64.Build.0 = Debug|Any CPU
		{FE2B197B-4860-4CE9-9B55-362176CB3020}.Debug|x64.Deploy.0 = Debug|Any CPU
		{FE2B197B-4860-4CE9-9B55-362176CB3020}.Debug|x86.ActiveCfg = Debug|x86
		{FE2B197B-4860-4CE9-9B55-362176CB3020}.Debug|x86.Build.0 = Debug|x86
		{FE2B197B-4860-4CE9-9B55-362176CB3020}.Debug|x86.Deploy.0 = Debug|x86
		{FE2B197B-4860-4CE9-9B55-362176CB3020}.Release|Any CPU.ActiveCfg = Release|Any CPU
		{FE2B197B-4860-4CE9-9B55-362176CB3020}.Release|Any CPU.Build.0 = Release|Any CPU
		{FE2B197B-4860-4CE9-9B55-362176CB3020}.Release|Any CPU.Deploy.0 = Release|Any CPU
		{FE2B197B-4860-4CE9-9B55-362176CB3020}.Release|ARM.ActiveCfg = Release|ARM
		{FE2B197B-4860-4CE9-9B55-362176CB3020}.Release|ARM.Build.0 = Release|ARM
		{FE2B197B-4860-4CE9-9B55-362176CB3020}.Release|ARM.Deploy.0 = Release|ARM
		{FE2B197B-4860-4CE9-9B55-362176CB3020}.Release|iPhone.ActiveCfg = Release|Any CPU
		{FE2B197B-4860-4CE9-9B55-362176CB3020}.Release|iPhone.Build.0 = Release|Any CPU
		{FE2B197B-4860-4CE9-9B55-362176CB3020}.Release|iPhone.Deploy.0 = Release|Any CPU
		{FE2B197B-4860-4CE9-9B55-362176CB3020}.Release|iPhoneSimulator.ActiveCfg = Release|Any CPU
		{FE2B197B-4860-4CE9-9B55-362176CB3020}.Release|iPhoneSimulator.Build.0 = Release|Any CPU
		{FE2B197B-4860-4CE9-9B55-362176CB3020}.Release|iPhoneSimulator.Deploy.0 = Release|Any CPU
		{FE2B197B-4860-4CE9-9B55-362176CB3020}.Release|x64.ActiveCfg = Release|Any CPU
		{FE2B197B-4860-4CE9-9B55-362176CB3020}.Release|x64.Build.0 = Release|Any CPU
		{FE2B197B-4860-4CE9-9B55-362176CB3020}.Release|x64.Deploy.0 = Release|Any CPU
		{FE2B197B-4860-4CE9-9B55-362176CB3020}.Release|x86.ActiveCfg = Release|x86
		{FE2B197B-4860-4CE9-9B55-362176CB3020}.Release|x86.Build.0 = Release|x86
		{FE2B197B-4860-4CE9-9B55-362176CB3020}.Release|x86.Deploy.0 = Release|x86
		{9F27F9EE-844B-4493-A0D5-6A60EEB7E5C4}.Ad-Hoc|Any CPU.ActiveCfg = Release|x86
		{9F27F9EE-844B-4493-A0D5-6A60EEB7E5C4}.Ad-Hoc|Any CPU.Build.0 = Release|x86
		{9F27F9EE-844B-4493-A0D5-6A60EEB7E5C4}.Ad-Hoc|Any CPU.Deploy.0 = Release|x86
		{9F27F9EE-844B-4493-A0D5-6A60EEB7E5C4}.Ad-Hoc|ARM.ActiveCfg = Release|ARM
		{9F27F9EE-844B-4493-A0D5-6A60EEB7E5C4}.Ad-Hoc|ARM.Build.0 = Release|ARM
		{9F27F9EE-844B-4493-A0D5-6A60EEB7E5C4}.Ad-Hoc|ARM.Deploy.0 = Release|ARM
		{9F27F9EE-844B-4493-A0D5-6A60EEB7E5C4}.Ad-Hoc|iPhone.ActiveCfg = Release|x86
		{9F27F9EE-844B-4493-A0D5-6A60EEB7E5C4}.Ad-Hoc|iPhone.Build.0 = Release|x86
		{9F27F9EE-844B-4493-A0D5-6A60EEB7E5C4}.Ad-Hoc|iPhone.Deploy.0 = Release|x86
		{9F27F9EE-844B-4493-A0D5-6A60EEB7E5C4}.Ad-Hoc|iPhoneSimulator.ActiveCfg = Release|x86
		{9F27F9EE-844B-4493-A0D5-6A60EEB7E5C4}.Ad-Hoc|iPhoneSimulator.Build.0 = Release|x86
		{9F27F9EE-844B-4493-A0D5-6A60EEB7E5C4}.Ad-Hoc|iPhoneSimulator.Deploy.0 = Release|x86
		{9F27F9EE-844B-4493-A0D5-6A60EEB7E5C4}.Ad-Hoc|x64.ActiveCfg = Release|x64
		{9F27F9EE-844B-4493-A0D5-6A60EEB7E5C4}.Ad-Hoc|x64.Build.0 = Release|x64
		{9F27F9EE-844B-4493-A0D5-6A60EEB7E5C4}.Ad-Hoc|x64.Deploy.0 = Release|x64
		{9F27F9EE-844B-4493-A0D5-6A60EEB7E5C4}.Ad-Hoc|x86.ActiveCfg = Release|x86
		{9F27F9EE-844B-4493-A0D5-6A60EEB7E5C4}.Ad-Hoc|x86.Build.0 = Release|x86
		{9F27F9EE-844B-4493-A0D5-6A60EEB7E5C4}.Ad-Hoc|x86.Deploy.0 = Release|x86
		{9F27F9EE-844B-4493-A0D5-6A60EEB7E5C4}.AppStore|Any CPU.ActiveCfg = Release|x86
		{9F27F9EE-844B-4493-A0D5-6A60EEB7E5C4}.AppStore|Any CPU.Build.0 = Release|x86
		{9F27F9EE-844B-4493-A0D5-6A60EEB7E5C4}.AppStore|Any CPU.Deploy.0 = Release|x86
		{9F27F9EE-844B-4493-A0D5-6A60EEB7E5C4}.AppStore|ARM.ActiveCfg = Release|ARM
		{9F27F9EE-844B-4493-A0D5-6A60EEB7E5C4}.AppStore|ARM.Build.0 = Release|ARM
		{9F27F9EE-844B-4493-A0D5-6A60EEB7E5C4}.AppStore|ARM.Deploy.0 = Release|ARM
		{9F27F9EE-844B-4493-A0D5-6A60EEB7E5C4}.AppStore|iPhone.ActiveCfg = Release|x86
		{9F27F9EE-844B-4493-A0D5-6A60EEB7E5C4}.AppStore|iPhone.Build.0 = Release|x86
		{9F27F9EE-844B-4493-A0D5-6A60EEB7E5C4}.AppStore|iPhone.Deploy.0 = Release|x86
		{9F27F9EE-844B-4493-A0D5-6A60EEB7E5C4}.AppStore|iPhoneSimulator.ActiveCfg = Release|x86
		{9F27F9EE-844B-4493-A0D5-6A60EEB7E5C4}.AppStore|iPhoneSimulator.Build.0 = Release|x86
		{9F27F9EE-844B-4493-A0D5-6A60EEB7E5C4}.AppStore|iPhoneSimulator.Deploy.0 = Release|x86
		{9F27F9EE-844B-4493-A0D5-6A60EEB7E5C4}.AppStore|x64.ActiveCfg = Release|x64
		{9F27F9EE-844B-4493-A0D5-6A60EEB7E5C4}.AppStore|x64.Build.0 = Release|x64
		{9F27F9EE-844B-4493-A0D5-6A60EEB7E5C4}.AppStore|x64.Deploy.0 = Release|x64
		{9F27F9EE-844B-4493-A0D5-6A60EEB7E5C4}.AppStore|x86.ActiveCfg = Release|x86
		{9F27F9EE-844B-4493-A0D5-6A60EEB7E5C4}.AppStore|x86.Build.0 = Release|x86
		{9F27F9EE-844B-4493-A0D5-6A60EEB7E5C4}.AppStore|x86.Deploy.0 = Release|x86
		{9F27F9EE-844B-4493-A0D5-6A60EEB7E5C4}.Debug|Any CPU.ActiveCfg = Debug|x86
		{9F27F9EE-844B-4493-A0D5-6A60EEB7E5C4}.Debug|Any CPU.Build.0 = Debug|x86
		{9F27F9EE-844B-4493-A0D5-6A60EEB7E5C4}.Debug|Any CPU.Deploy.0 = Debug|x86
		{9F27F9EE-844B-4493-A0D5-6A60EEB7E5C4}.Debug|ARM.ActiveCfg = Debug|ARM
		{9F27F9EE-844B-4493-A0D5-6A60EEB7E5C4}.Debug|ARM.Build.0 = Debug|ARM
		{9F27F9EE-844B-4493-A0D5-6A60EEB7E5C4}.Debug|ARM.Deploy.0 = Debug|ARM
		{9F27F9EE-844B-4493-A0D5-6A60EEB7E5C4}.Debug|iPhone.ActiveCfg = Debug|x86
		{9F27F9EE-844B-4493-A0D5-6A60EEB7E5C4}.Debug|iPhoneSimulator.ActiveCfg = Debug|x86
		{9F27F9EE-844B-4493-A0D5-6A60EEB7E5C4}.Debug|x64.ActiveCfg = Debug|x64
		{9F27F9EE-844B-4493-A0D5-6A60EEB7E5C4}.Debug|x64.Build.0 = Debug|x64
		{9F27F9EE-844B-4493-A0D5-6A60EEB7E5C4}.Debug|x64.Deploy.0 = Debug|x64
		{9F27F9EE-844B-4493-A0D5-6A60EEB7E5C4}.Debug|x86.ActiveCfg = Debug|x86
		{9F27F9EE-844B-4493-A0D5-6A60EEB7E5C4}.Debug|x86.Build.0 = Debug|x86
		{9F27F9EE-844B-4493-A0D5-6A60EEB7E5C4}.Debug|x86.Deploy.0 = Debug|x86
		{9F27F9EE-844B-4493-A0D5-6A60EEB7E5C4}.Release|Any CPU.ActiveCfg = Release|x86
		{9F27F9EE-844B-4493-A0D5-6A60EEB7E5C4}.Release|ARM.ActiveCfg = Release|ARM
		{9F27F9EE-844B-4493-A0D5-6A60EEB7E5C4}.Release|ARM.Build.0 = Release|ARM
		{9F27F9EE-844B-4493-A0D5-6A60EEB7E5C4}.Release|ARM.Deploy.0 = Release|ARM
		{9F27F9EE-844B-4493-A0D5-6A60EEB7E5C4}.Release|iPhone.ActiveCfg = Release|x86
		{9F27F9EE-844B-4493-A0D5-6A60EEB7E5C4}.Release|iPhoneSimulator.ActiveCfg = Release|x86
		{9F27F9EE-844B-4493-A0D5-6A60EEB7E5C4}.Release|x64.ActiveCfg = Release|x64
		{9F27F9EE-844B-4493-A0D5-6A60EEB7E5C4}.Release|x64.Build.0 = Release|x64
		{9F27F9EE-844B-4493-A0D5-6A60EEB7E5C4}.Release|x64.Deploy.0 = Release|x64
		{9F27F9EE-844B-4493-A0D5-6A60EEB7E5C4}.Release|x86.ActiveCfg = Release|x86
		{9F27F9EE-844B-4493-A0D5-6A60EEB7E5C4}.Release|x86.Build.0 = Release|x86
		{9F27F9EE-844B-4493-A0D5-6A60EEB7E5C4}.Release|x86.Deploy.0 = Release|x86
		{3D56C28F-596D-4EFE-A011-E869DE09A336}.Ad-Hoc|Any CPU.ActiveCfg = Release|Any CPU
		{3D56C28F-596D-4EFE-A011-E869DE09A336}.Ad-Hoc|Any CPU.Build.0 = Release|Any CPU
		{3D56C28F-596D-4EFE-A011-E869DE09A336}.Ad-Hoc|Any CPU.Deploy.0 = Release|Any CPU
		{3D56C28F-596D-4EFE-A011-E869DE09A336}.Ad-Hoc|ARM.ActiveCfg = Release|ARM
		{3D56C28F-596D-4EFE-A011-E869DE09A336}.Ad-Hoc|ARM.Build.0 = Release|ARM
		{3D56C28F-596D-4EFE-A011-E869DE09A336}.Ad-Hoc|ARM.Deploy.0 = Release|ARM
		{3D56C28F-596D-4EFE-A011-E869DE09A336}.Ad-Hoc|iPhone.ActiveCfg = Release|Any CPU
		{3D56C28F-596D-4EFE-A011-E869DE09A336}.Ad-Hoc|iPhone.Build.0 = Release|Any CPU
		{3D56C28F-596D-4EFE-A011-E869DE09A336}.Ad-Hoc|iPhone.Deploy.0 = Release|Any CPU
		{3D56C28F-596D-4EFE-A011-E869DE09A336}.Ad-Hoc|iPhoneSimulator.ActiveCfg = Release|Any CPU
		{3D56C28F-596D-4EFE-A011-E869DE09A336}.Ad-Hoc|iPhoneSimulator.Build.0 = Release|Any CPU
		{3D56C28F-596D-4EFE-A011-E869DE09A336}.Ad-Hoc|iPhoneSimulator.Deploy.0 = Release|Any CPU
		{3D56C28F-596D-4EFE-A011-E869DE09A336}.Ad-Hoc|x64.ActiveCfg = Release|x64
		{3D56C28F-596D-4EFE-A011-E869DE09A336}.Ad-Hoc|x64.Build.0 = Release|x64
		{3D56C28F-596D-4EFE-A011-E869DE09A336}.Ad-Hoc|x64.Deploy.0 = Release|x64
		{3D56C28F-596D-4EFE-A011-E869DE09A336}.Ad-Hoc|x86.ActiveCfg = Release|x86
		{3D56C28F-596D-4EFE-A011-E869DE09A336}.Ad-Hoc|x86.Build.0 = Release|x86
		{3D56C28F-596D-4EFE-A011-E869DE09A336}.Ad-Hoc|x86.Deploy.0 = Release|x86
		{3D56C28F-596D-4EFE-A011-E869DE09A336}.AppStore|Any CPU.ActiveCfg = Release|Any CPU
		{3D56C28F-596D-4EFE-A011-E869DE09A336}.AppStore|Any CPU.Build.0 = Release|Any CPU
		{3D56C28F-596D-4EFE-A011-E869DE09A336}.AppStore|Any CPU.Deploy.0 = Release|Any CPU
		{3D56C28F-596D-4EFE-A011-E869DE09A336}.AppStore|ARM.ActiveCfg = Release|ARM
		{3D56C28F-596D-4EFE-A011-E869DE09A336}.AppStore|ARM.Build.0 = Release|ARM
		{3D56C28F-596D-4EFE-A011-E869DE09A336}.AppStore|ARM.Deploy.0 = Release|ARM
		{3D56C28F-596D-4EFE-A011-E869DE09A336}.AppStore|iPhone.ActiveCfg = Release|Any CPU
		{3D56C28F-596D-4EFE-A011-E869DE09A336}.AppStore|iPhone.Build.0 = Release|Any CPU
		{3D56C28F-596D-4EFE-A011-E869DE09A336}.AppStore|iPhone.Deploy.0 = Release|Any CPU
		{3D56C28F-596D-4EFE-A011-E869DE09A336}.AppStore|iPhoneSimulator.ActiveCfg = Release|Any CPU
		{3D56C28F-596D-4EFE-A011-E869DE09A336}.AppStore|iPhoneSimulator.Build.0 = Release|Any CPU
		{3D56C28F-596D-4EFE-A011-E869DE09A336}.AppStore|iPhoneSimulator.Deploy.0 = Release|Any CPU
		{3D56C28F-596D-4EFE-A011-E869DE09A336}.AppStore|x64.ActiveCfg = Release|x64
		{3D56C28F-596D-4EFE-A011-E869DE09A336}.AppStore|x64.Build.0 = Release|x64
		{3D56C28F-596D-4EFE-A011-E869DE09A336}.AppStore|x64.Deploy.0 = Release|x64
		{3D56C28F-596D-4EFE-A011-E869DE09A336}.AppStore|x86.ActiveCfg = Release|x86
		{3D56C28F-596D-4EFE-A011-E869DE09A336}.AppStore|x86.Build.0 = Release|x86
		{3D56C28F-596D-4EFE-A011-E869DE09A336}.AppStore|x86.Deploy.0 = Release|x86
		{3D56C28F-596D-4EFE-A011-E869DE09A336}.Debug|Any CPU.ActiveCfg = Debug|Any CPU
		{3D56C28F-596D-4EFE-A011-E869DE09A336}.Debug|Any CPU.Build.0 = Debug|Any CPU
		{3D56C28F-596D-4EFE-A011-E869DE09A336}.Debug|Any CPU.Deploy.0 = Debug|Any CPU
		{3D56C28F-596D-4EFE-A011-E869DE09A336}.Debug|ARM.ActiveCfg = Debug|ARM
		{3D56C28F-596D-4EFE-A011-E869DE09A336}.Debug|ARM.Build.0 = Debug|ARM
		{3D56C28F-596D-4EFE-A011-E869DE09A336}.Debug|ARM.Deploy.0 = Debug|ARM
		{3D56C28F-596D-4EFE-A011-E869DE09A336}.Debug|iPhone.ActiveCfg = Debug|Any CPU
		{3D56C28F-596D-4EFE-A011-E869DE09A336}.Debug|iPhone.Build.0 = Debug|Any CPU
		{3D56C28F-596D-4EFE-A011-E869DE09A336}.Debug|iPhone.Deploy.0 = Debug|Any CPU
		{3D56C28F-596D-4EFE-A011-E869DE09A336}.Debug|iPhoneSimulator.ActiveCfg = Debug|Any CPU
		{3D56C28F-596D-4EFE-A011-E869DE09A336}.Debug|iPhoneSimulator.Build.0 = Debug|Any CPU
		{3D56C28F-596D-4EFE-A011-E869DE09A336}.Debug|iPhoneSimulator.Deploy.0 = Debug|Any CPU
		{3D56C28F-596D-4EFE-A011-E869DE09A336}.Debug|x64.ActiveCfg = Debug|x64
		{3D56C28F-596D-4EFE-A011-E869DE09A336}.Debug|x64.Build.0 = Debug|x64
		{3D56C28F-596D-4EFE-A011-E869DE09A336}.Debug|x64.Deploy.0 = Debug|x64
		{3D56C28F-596D-4EFE-A011-E869DE09A336}.Debug|x86.ActiveCfg = Debug|x86
		{3D56C28F-596D-4EFE-A011-E869DE09A336}.Debug|x86.Build.0 = Debug|x86
		{3D56C28F-596D-4EFE-A011-E869DE09A336}.Debug|x86.Deploy.0 = Debug|x86
		{3D56C28F-596D-4EFE-A011-E869DE09A336}.Release|Any CPU.ActiveCfg = Release|Any CPU
		{3D56C28F-596D-4EFE-A011-E869DE09A336}.Release|Any CPU.Build.0 = Release|Any CPU
		{3D56C28F-596D-4EFE-A011-E869DE09A336}.Release|Any CPU.Deploy.0 = Release|Any CPU
		{3D56C28F-596D-4EFE-A011-E869DE09A336}.Release|ARM.ActiveCfg = Release|ARM
		{3D56C28F-596D-4EFE-A011-E869DE09A336}.Release|ARM.Build.0 = Release|ARM
		{3D56C28F-596D-4EFE-A011-E869DE09A336}.Release|ARM.Deploy.0 = Release|ARM
		{3D56C28F-596D-4EFE-A011-E869DE09A336}.Release|iPhone.ActiveCfg = Release|Any CPU
		{3D56C28F-596D-4EFE-A011-E869DE09A336}.Release|iPhone.Build.0 = Release|Any CPU
		{3D56C28F-596D-4EFE-A011-E869DE09A336}.Release|iPhone.Deploy.0 = Release|Any CPU
		{3D56C28F-596D-4EFE-A011-E869DE09A336}.Release|iPhoneSimulator.ActiveCfg = Release|Any CPU
		{3D56C28F-596D-4EFE-A011-E869DE09A336}.Release|iPhoneSimulator.Build.0 = Release|Any CPU
		{3D56C28F-596D-4EFE-A011-E869DE09A336}.Release|iPhoneSimulator.Deploy.0 = Release|Any CPU
		{3D56C28F-596D-4EFE-A011-E869DE09A336}.Release|x64.ActiveCfg = Release|x64
		{3D56C28F-596D-4EFE-A011-E869DE09A336}.Release|x64.Build.0 = Release|x64
		{3D56C28F-596D-4EFE-A011-E869DE09A336}.Release|x64.Deploy.0 = Release|x64
		{3D56C28F-596D-4EFE-A011-E869DE09A336}.Release|x86.ActiveCfg = Release|x86
		{3D56C28F-596D-4EFE-A011-E869DE09A336}.Release|x86.Build.0 = Release|x86
		{3D56C28F-596D-4EFE-A011-E869DE09A336}.Release|x86.Deploy.0 = Release|x86
	EndGlobalSection
	GlobalSection(SolutionProperties) = preSolution
		HideSolutionNode = FALSE
	EndGlobalSection
EndGlobal
