Microsoft Visual Studio Solution File, Format Version 12.00
# Visual Studio 14
VisualStudioVersion = 14.0.25420.1
MinimumVisualStudioVersion = 10.0.40219.1
Project("{FAE04EC0-301F-11D3-BF4B-00C04F79EFBC}") = "Plugin.LocalNotifications.Abstractions", "Plugin.LocalNotifications.Abstractions\Plugin.LocalNotifications.Abstractions.csproj", "{57564CE6-C079-47C5-9272-4395A0224C3D}"
EndProject
Project("{FAE04EC0-301F-11D3-BF4B-00C04F79EFBC}") = "Plugin.LocalNotifications", "Plugin.LocalNotifications\Plugin.LocalNotifications.csproj", "{0B4E7C6B-EFB6-480B-88C9-B8680DB6B5CD}"
EndProject
Project("{FAE04EC0-301F-11D3-BF4B-00C04F79EFBC}") = "Plugin.LocalNotifications.Android", "Plugin.LocalNotifications.Android\Plugin.LocalNotifications.Android.csproj", "{D446C57C-1E30-4AE2-ADA2-083DC4D0341A}"
EndProject
Project("{FAE04EC0-301F-11D3-BF4B-00C04F79EFBC}") = "Plugin.LocalNotifications.iOS", "Plugin.LocalNotifications.iOS\Plugin.LocalNotifications.iOS.csproj", "{77D0601D-6958-446C-B2AE-1369CD382949}"
EndProject
Project("{FAE04EC0-301F-11D3-BF4B-00C04F79EFBC}") = "Plugin.LocalNotifications.UWP", "Plugin.LocalNotifications.UWP\Plugin.LocalNotifications.UWP.csproj", "{27D998B9-2CA0-42CC-8D45-184197EB38BF}"
EndProject
Project("{FAE04EC0-301F-11D3-BF4B-00C04F79EFBC}") = "Plugin.LocalNotifications.WinRT", "Plugin.LocalNotifications.WinRT\Plugin.LocalNotifications.WinRT.csproj", "{8A361B3D-6A29-4CD7-9DB7-3F6BDC7B71EC}"
EndProject
Project("{FAE04EC0-301F-11D3-BF4B-00C04F79EFBC}") = "Plugin.LocalNotifications.WinPhone", "Plugin.LocalNotifications.WinPhone\Plugin.LocalNotifications.WinPhone.csproj", "{446215AF-002B-4022-9650-43DEB08D7212}"
EndProject
Global
	GlobalSection(SolutionConfigurationPlatforms) = preSolution
		Ad-Hoc|Any CPU = Ad-Hoc|Any CPU
		Ad-Hoc|ARM = Ad-Hoc|ARM
		Ad-Hoc|iPhone = Ad-Hoc|iPhone
		Ad-Hoc|iPhoneSimulator = Ad-Hoc|iPhoneSimulator
		Ad-Hoc|x64 = Ad-Hoc|x64
		Ad-Hoc|x86 = Ad-Hoc|x86
		AppStore|Any CPU = AppStore|Any CPU
		AppStore|ARM = AppStore|ARM
		AppStore|iPhone = AppStore|iPhone
		AppStore|iPhoneSimulator = AppStore|iPhoneSimulator
		AppStore|x64 = AppStore|x64
		AppStore|x86 = AppStore|x86
		Debug|Any CPU = Debug|Any CPU
		Debug|ARM = Debug|ARM
		Debug|iPhone = Debug|iPhone
		Debug|iPhoneSimulator = Debug|iPhoneSimulator
		Debug|x64 = Debug|x64
		Debug|x86 = Debug|x86
		Release|Any CPU = Release|Any CPU
		Release|ARM = Release|ARM
		Release|iPhone = Release|iPhone
		Release|iPhoneSimulator = Release|iPhoneSimulator
		Release|x64 = Release|x64
		Release|x86 = Release|x86
	EndGlobalSection
	GlobalSection(ProjectConfigurationPlatforms) = postSolution
		{57564CE6-C079-47C5-9272-4395A0224C3D}.Ad-Hoc|Any CPU.ActiveCfg = Release|Any CPU
		{57564CE6-C079-47C5-9272-4395A0224C3D}.Ad-Hoc|Any CPU.Build.0 = Release|Any CPU
		{57564CE6-C079-47C5-9272-4395A0224C3D}.Ad-Hoc|ARM.ActiveCfg = Release|Any CPU
		{57564CE6-C079-47C5-9272-4395A0224C3D}.Ad-Hoc|ARM.Build.0 = Release|Any CPU
		{57564CE6-C079-47C5-9272-4395A0224C3D}.Ad-Hoc|iPhone.ActiveCfg = Release|Any CPU
		{57564CE6-C079-47C5-9272-4395A0224C3D}.Ad-Hoc|iPhone.Build.0 = Release|Any CPU
		{57564CE6-C079-47C5-9272-4395A0224C3D}.Ad-Hoc|iPhoneSimulator.ActiveCfg = Release|Any CPU
		{57564CE6-C079-47C5-9272-4395A0224C3D}.Ad-Hoc|iPhoneSimulator.Build.0 = Release|Any CPU
		{57564CE6-C079-47C5-9272-4395A0224C3D}.Ad-Hoc|x64.ActiveCfg = Release|Any CPU
		{57564CE6-C079-47C5-9272-4395A0224C3D}.Ad-Hoc|x64.Build.0 = Release|Any CPU
		{57564CE6-C079-47C5-9272-4395A0224C3D}.Ad-Hoc|x86.ActiveCfg = Release|Any CPU
		{57564CE6-C079-47C5-9272-4395A0224C3D}.Ad-Hoc|x86.Build.0 = Release|Any CPU
		{57564CE6-C079-47C5-9272-4395A0224C3D}.AppStore|Any CPU.ActiveCfg = Release|Any CPU
		{57564CE6-C079-47C5-9272-4395A0224C3D}.AppStore|Any CPU.Build.0 = Release|Any CPU
		{57564CE6-C079-47C5-9272-4395A0224C3D}.AppStore|ARM.ActiveCfg = Release|Any CPU
		{57564CE6-C079-47C5-9272-4395A0224C3D}.AppStore|ARM.Build.0 = Release|Any CPU
		{57564CE6-C079-47C5-9272-4395A0224C3D}.AppStore|iPhone.ActiveCfg = Release|Any CPU
		{57564CE6-C079-47C5-9272-4395A0224C3D}.AppStore|iPhone.Build.0 = Release|Any CPU
		{57564CE6-C079-47C5-9272-4395A0224C3D}.AppStore|iPhoneSimulator.ActiveCfg = Release|Any CPU
		{57564CE6-C079-47C5-9272-4395A0224C3D}.AppStore|iPhoneSimulator.Build.0 = Release|Any CPU
		{57564CE6-C079-47C5-9272-4395A0224C3D}.AppStore|x64.ActiveCfg = Release|Any CPU
		{57564CE6-C079-47C5-9272-4395A0224C3D}.AppStore|x64.Build.0 = Release|Any CPU
		{57564CE6-C079-47C5-9272-4395A0224C3D}.AppStore|x86.ActiveCfg = Release|Any CPU
		{57564CE6-C079-47C5-9272-4395A0224C3D}.AppStore|x86.Build.0 = Release|Any CPU
		{57564CE6-C079-47C5-9272-4395A0224C3D}.Debug|Any CPU.ActiveCfg = Debug|Any CPU
		{57564CE6-C079-47C5-9272-4395A0224C3D}.Debug|Any CPU.Build.0 = Debug|Any CPU
		{57564CE6-C079-47C5-9272-4395A0224C3D}.Debug|ARM.ActiveCfg = Debug|Any CPU
		{57564CE6-C079-47C5-9272-4395A0224C3D}.Debug|ARM.Build.0 = Debug|Any CPU
		{57564CE6-C079-47C5-9272-4395A0224C3D}.Debug|iPhone.ActiveCfg = Debug|Any CPU
		{57564CE6-C079-47C5-9272-4395A0224C3D}.Debug|iPhone.Build.0 = Debug|Any CPU
		{57564CE6-C079-47C5-9272-4395A0224C3D}.Debug|iPhoneSimulator.ActiveCfg = Debug|Any CPU
		{57564CE6-C079-47C5-9272-4395A0224C3D}.Debug|iPhoneSimulator.Build.0 = Debug|Any CPU
		{57564CE6-C079-47C5-9272-4395A0224C3D}.Debug|x64.ActiveCfg = Debug|Any CPU
		{57564CE6-C079-47C5-9272-4395A0224C3D}.Debug|x64.Build.0 = Debug|Any CPU
		{57564CE6-C079-47C5-9272-4395A0224C3D}.Debug|x86.ActiveCfg = Debug|Any CPU
		{57564CE6-C079-47C5-9272-4395A0224C3D}.Debug|x86.Build.0 = Debug|Any CPU
		{57564CE6-C079-47C5-9272-4395A0224C3D}.Release|Any CPU.ActiveCfg = Release|Any CPU
		{57564CE6-C079-47C5-9272-4395A0224C3D}.Release|Any CPU.Build.0 = Release|Any CPU
		{57564CE6-C079-47C5-9272-4395A0224C3D}.Release|ARM.ActiveCfg = Release|Any CPU
		{57564CE6-C079-47C5-9272-4395A0224C3D}.Release|ARM.Build.0 = Release|Any CPU
		{57564CE6-C079-47C5-9272-4395A0224C3D}.Release|iPhone.ActiveCfg = Release|Any CPU
		{57564CE6-C079-47C5-9272-4395A0224C3D}.Release|iPhone.Build.0 = Release|Any CPU
		{57564CE6-C079-47C5-9272-4395A0224C3D}.Release|iPhoneSimulator.ActiveCfg = Release|Any CPU
		{57564CE6-C079-47C5-9272-4395A0224C3D}.Release|iPhoneSimulator.Build.0 = Release|Any CPU
		{57564CE6-C079-47C5-9272-4395A0224C3D}.Release|x64.ActiveCfg = Release|Any CPU
		{57564CE6-C079-47C5-9272-4395A0224C3D}.Release|x64.Build.0 = Release|Any CPU
		{57564CE6-C079-47C5-9272-4395A0224C3D}.Release|x86.ActiveCfg = Release|Any CPU
		{57564CE6-C079-47C5-9272-4395A0224C3D}.Release|x86.Build.0 = Release|Any CPU
		{0B4E7C6B-EFB6-480B-88C9-B8680DB6B5CD}.Ad-Hoc|Any CPU.ActiveCfg = Release|Any CPU
		{0B4E7C6B-EFB6-480B-88C9-B8680DB6B5CD}.Ad-Hoc|Any CPU.Build.0 = Release|Any CPU
		{0B4E7C6B-EFB6-480B-88C9-B8680DB6B5CD}.Ad-Hoc|ARM.ActiveCfg = Release|Any CPU
		{0B4E7C6B-EFB6-480B-88C9-B8680DB6B5CD}.Ad-Hoc|ARM.Build.0 = Release|Any CPU
		{0B4E7C6B-EFB6-480B-88C9-B8680DB6B5CD}.Ad-Hoc|iPhone.ActiveCfg = Release|Any CPU
		{0B4E7C6B-EFB6-480B-88C9-B8680DB6B5CD}.Ad-Hoc|iPhone.Build.0 = Release|Any CPU
		{0B4E7C6B-EFB6-480B-88C9-B8680DB6B5CD}.Ad-Hoc|iPhoneSimulator.ActiveCfg = Release|Any CPU
		{0B4E7C6B-EFB6-480B-88C9-B8680DB6B5CD}.Ad-Hoc|iPhoneSimulator.Build.0 = Release|Any CPU
		{0B4E7C6B-EFB6-480B-88C9-B8680DB6B5CD}.Ad-Hoc|x64.ActiveCfg = Release|Any CPU
		{0B4E7C6B-EFB6-480B-88C9-B8680DB6B5CD}.Ad-Hoc|x64.Build.0 = Release|Any CPU
		{0B4E7C6B-EFB6-480B-88C9-B8680DB6B5CD}.Ad-Hoc|x86.ActiveCfg = Release|Any CPU
		{0B4E7C6B-EFB6-480B-88C9-B8680DB6B5CD}.Ad-Hoc|x86.Build.0 = Release|Any CPU
		{0B4E7C6B-EFB6-480B-88C9-B8680DB6B5CD}.AppStore|Any CPU.ActiveCfg = Release|Any CPU
		{0B4E7C6B-EFB6-480B-88C9-B8680DB6B5CD}.AppStore|Any CPU.Build.0 = Release|Any CPU
		{0B4E7C6B-EFB6-480B-88C9-B8680DB6B5CD}.AppStore|ARM.ActiveCfg = Release|Any CPU
		{0B4E7C6B-EFB6-480B-88C9-B8680DB6B5CD}.AppStore|ARM.Build.0 = Release|Any CPU
		{0B4E7C6B-EFB6-480B-88C9-B8680DB6B5CD}.AppStore|iPhone.ActiveCfg = Release|Any CPU
		{0B4E7C6B-EFB6-480B-88C9-B8680DB6B5CD}.AppStore|iPhone.Build.0 = Release|Any CPU
		{0B4E7C6B-EFB6-480B-88C9-B8680DB6B5CD}.AppStore|iPhoneSimulator.ActiveCfg = Release|Any CPU
		{0B4E7C6B-EFB6-480B-88C9-B8680DB6B5CD}.AppStore|iPhoneSimulator.Build.0 = Release|Any CPU
		{0B4E7C6B-EFB6-480B-88C9-B8680DB6B5CD}.AppStore|x64.ActiveCfg = Release|Any CPU
		{0B4E7C6B-EFB6-480B-88C9-B8680DB6B5CD}.AppStore|x64.Build.0 = Release|Any CPU
		{0B4E7C6B-EFB6-480B-88C9-B8680DB6B5CD}.AppStore|x86.ActiveCfg = Release|Any CPU
		{0B4E7C6B-EFB6-480B-88C9-B8680DB6B5CD}.AppStore|x86.Build.0 = Release|Any CPU
		{0B4E7C6B-EFB6-480B-88C9-B8680DB6B5CD}.Debug|Any CPU.ActiveCfg = Debug|Any CPU
		{0B4E7C6B-EFB6-480B-88C9-B8680DB6B5CD}.Debug|Any CPU.Build.0 = Debug|Any CPU
		{0B4E7C6B-EFB6-480B-88C9-B8680DB6B5CD}.Debug|ARM.ActiveCfg = Debug|Any CPU
		{0B4E7C6B-EFB6-480B-88C9-B8680DB6B5CD}.Debug|ARM.Build.0 = Debug|Any CPU
		{0B4E7C6B-EFB6-480B-88C9-B8680DB6B5CD}.Debug|iPhone.ActiveCfg = Debug|Any CPU
		{0B4E7C6B-EFB6-480B-88C9-B8680DB6B5CD}.Debug|iPhone.Build.0 = Debug|Any CPU
		{0B4E7C6B-EFB6-480B-88C9-B8680DB6B5CD}.Debug|iPhoneSimulator.ActiveCfg = Debug|Any CPU
		{0B4E7C6B-EFB6-480B-88C9-B8680DB6B5CD}.Debug|iPhoneSimulator.Build.0 = Debug|Any CPU
		{0B4E7C6B-EFB6-480B-88C9-B8680DB6B5CD}.Debug|x64.ActiveCfg = Debug|Any CPU
		{0B4E7C6B-EFB6-480B-88C9-B8680DB6B5CD}.Debug|x64.Build.0 = Debug|Any CPU
		{0B4E7C6B-EFB6-480B-88C9-B8680DB6B5CD}.Debug|x86.ActiveCfg = Debug|Any CPU
		{0B4E7C6B-EFB6-480B-88C9-B8680DB6B5CD}.Debug|x86.Build.0 = Debug|Any CPU
		{0B4E7C6B-EFB6-480B-88C9-B8680DB6B5CD}.Release|Any CPU.ActiveCfg = Release|Any CPU
		{0B4E7C6B-EFB6-480B-88C9-B8680DB6B5CD}.Release|Any CPU.Build.0 = Release|Any CPU
		{0B4E7C6B-EFB6-480B-88C9-B8680DB6B5CD}.Release|ARM.ActiveCfg = Release|Any CPU
		{0B4E7C6B-EFB6-480B-88C9-B8680DB6B5CD}.Release|ARM.Build.0 = Release|Any CPU
		{0B4E7C6B-EFB6-480B-88C9-B8680DB6B5CD}.Release|iPhone.ActiveCfg = Release|Any CPU
		{0B4E7C6B-EFB6-480B-88C9-B8680DB6B5CD}.Release|iPhone.Build.0 = Release|Any CPU
		{0B4E7C6B-EFB6-480B-88C9-B8680DB6B5CD}.Release|iPhoneSimulator.ActiveCfg = Release|Any CPU
		{0B4E7C6B-EFB6-480B-88C9-B8680DB6B5CD}.Release|iPhoneSimulator.Build.0 = Release|Any CPU
		{0B4E7C6B-EFB6-480B-88C9-B8680DB6B5CD}.Release|x64.ActiveCfg = Release|Any CPU
		{0B4E7C6B-EFB6-480B-88C9-B8680DB6B5CD}.Release|x64.Build.0 = Release|Any CPU
		{0B4E7C6B-EFB6-480B-88C9-B8680DB6B5CD}.Release|x86.ActiveCfg = Release|Any CPU
		{0B4E7C6B-EFB6-480B-88C9-B8680DB6B5CD}.Release|x86.Build.0 = Release|Any CPU
		{D446C57C-1E30-4AE2-ADA2-083DC4D0341A}.Ad-Hoc|Any CPU.ActiveCfg = Release|Any CPU
		{D446C57C-1E30-4AE2-ADA2-083DC4D0341A}.Ad-Hoc|Any CPU.Build.0 = Release|Any CPU
		{D446C57C-1E30-4AE2-ADA2-083DC4D0341A}.Ad-Hoc|ARM.ActiveCfg = Release|Any CPU
		{D446C57C-1E30-4AE2-ADA2-083DC4D0341A}.Ad-Hoc|ARM.Build.0 = Release|Any CPU
		{D446C57C-1E30-4AE2-ADA2-083DC4D0341A}.Ad-Hoc|iPhone.ActiveCfg = Release|Any CPU
		{D446C57C-1E30-4AE2-ADA2-083DC4D0341A}.Ad-Hoc|iPhone.Build.0 = Release|Any CPU
		{D446C57C-1E30-4AE2-ADA2-083DC4D0341A}.Ad-Hoc|iPhoneSimulator.ActiveCfg = Release|Any CPU
		{D446C57C-1E30-4AE2-ADA2-083DC4D0341A}.Ad-Hoc|iPhoneSimulator.Build.0 = Release|Any CPU
		{D446C57C-1E30-4AE2-ADA2-083DC4D0341A}.Ad-Hoc|x64.ActiveCfg = Release|Any CPU
		{D446C57C-1E30-4AE2-ADA2-083DC4D0341A}.Ad-Hoc|x64.Build.0 = Release|Any CPU
		{D446C57C-1E30-4AE2-ADA2-083DC4D0341A}.Ad-Hoc|x86.ActiveCfg = Release|Any CPU
		{D446C57C-1E30-4AE2-ADA2-083DC4D0341A}.Ad-Hoc|x86.Build.0 = Release|Any CPU
		{D446C57C-1E30-4AE2-ADA2-083DC4D0341A}.AppStore|Any CPU.ActiveCfg = Release|Any CPU
		{D446C57C-1E30-4AE2-ADA2-083DC4D0341A}.AppStore|Any CPU.Build.0 = Release|Any CPU
		{D446C57C-1E30-4AE2-ADA2-083DC4D0341A}.AppStore|ARM.ActiveCfg = Release|Any CPU
		{D446C57C-1E30-4AE2-ADA2-083DC4D0341A}.AppStore|ARM.Build.0 = Release|Any CPU
		{D446C57C-1E30-4AE2-ADA2-083DC4D0341A}.AppStore|iPhone.ActiveCfg = Release|Any CPU
		{D446C57C-1E30-4AE2-ADA2-083DC4D0341A}.AppStore|iPhone.Build.0 = Release|Any CPU
		{D446C57C-1E30-4AE2-ADA2-083DC4D0341A}.AppStore|iPhoneSimulator.ActiveCfg = Release|Any CPU
		{D446C57C-1E30-4AE2-ADA2-083DC4D0341A}.AppStore|iPhoneSimulator.Build.0 = Release|Any CPU
		{D446C57C-1E30-4AE2-ADA2-083DC4D0341A}.AppStore|x64.ActiveCfg = Release|Any CPU
		{D446C57C-1E30-4AE2-ADA2-083DC4D0341A}.AppStore|x64.Build.0 = Release|Any CPU
		{D446C57C-1E30-4AE2-ADA2-083DC4D0341A}.AppStore|x86.ActiveCfg = Release|Any CPU
		{D446C57C-1E30-4AE2-ADA2-083DC4D0341A}.AppStore|x86.Build.0 = Release|Any CPU
		{D446C57C-1E30-4AE2-ADA2-083DC4D0341A}.Debug|Any CPU.ActiveCfg = Debug|Any CPU
		{D446C57C-1E30-4AE2-ADA2-083DC4D0341A}.Debug|Any CPU.Build.0 = Debug|Any CPU
		{D446C57C-1E30-4AE2-ADA2-083DC4D0341A}.Debug|ARM.ActiveCfg = Debug|Any CPU
		{D446C57C-1E30-4AE2-ADA2-083DC4D0341A}.Debug|ARM.Build.0 = Debug|Any CPU
		{D446C57C-1E30-4AE2-ADA2-083DC4D0341A}.Debug|iPhone.ActiveCfg = Debug|Any CPU
		{D446C57C-1E30-4AE2-ADA2-083DC4D0341A}.Debug|iPhone.Build.0 = Debug|Any CPU
		{D446C57C-1E30-4AE2-ADA2-083DC4D0341A}.Debug|iPhoneSimulator.ActiveCfg = Debug|Any CPU
		{D446C57C-1E30-4AE2-ADA2-083DC4D0341A}.Debug|iPhoneSimulator.Build.0 = Debug|Any CPU
		{D446C57C-1E30-4AE2-ADA2-083DC4D0341A}.Debug|x64.ActiveCfg = Debug|Any CPU
		{D446C57C-1E30-4AE2-ADA2-083DC4D0341A}.Debug|x64.Build.0 = Debug|Any CPU
		{D446C57C-1E30-4AE2-ADA2-083DC4D0341A}.Debug|x86.ActiveCfg = Debug|Any CPU
		{D446C57C-1E30-4AE2-ADA2-083DC4D0341A}.Debug|x86.Build.0 = Debug|Any CPU
		{D446C57C-1E30-4AE2-ADA2-083DC4D0341A}.Release|Any CPU.ActiveCfg = Release|Any CPU
		{D446C57C-1E30-4AE2-ADA2-083DC4D0341A}.Release|Any CPU.Build.0 = Release|Any CPU
		{D446C57C-1E30-4AE2-ADA2-083DC4D0341A}.Release|ARM.ActiveCfg = Release|Any CPU
		{D446C57C-1E30-4AE2-ADA2-083DC4D0341A}.Release|ARM.Build.0 = Release|Any CPU
		{D446C57C-1E30-4AE2-ADA2-083DC4D0341A}.Release|iPhone.ActiveCfg = Release|Any CPU
		{D446C57C-1E30-4AE2-ADA2-083DC4D0341A}.Release|iPhone.Build.0 = Release|Any CPU
		{D446C57C-1E30-4AE2-ADA2-083DC4D0341A}.Release|iPhoneSimulator.ActiveCfg = Release|Any CPU
		{D446C57C-1E30-4AE2-ADA2-083DC4D0341A}.Release|iPhoneSimulator.Build.0 = Release|Any CPU
		{D446C57C-1E30-4AE2-ADA2-083DC4D0341A}.Release|x64.ActiveCfg = Release|Any CPU
		{D446C57C-1E30-4AE2-ADA2-083DC4D0341A}.Release|x64.Build.0 = Release|Any CPU
		{D446C57C-1E30-4AE2-ADA2-083DC4D0341A}.Release|x86.ActiveCfg = Release|Any CPU
		{D446C57C-1E30-4AE2-ADA2-083DC4D0341A}.Release|x86.Build.0 = Release|Any CPU
		{77D0601D-6958-446C-B2AE-1369CD382949}.Ad-Hoc|Any CPU.ActiveCfg = Ad-Hoc|iPhone
		{77D0601D-6958-446C-B2AE-1369CD382949}.Ad-Hoc|ARM.ActiveCfg = Ad-Hoc|iPhone
		{77D0601D-6958-446C-B2AE-1369CD382949}.Ad-Hoc|iPhone.ActiveCfg = Ad-Hoc|iPhone
		{77D0601D-6958-446C-B2AE-1369CD382949}.Ad-Hoc|iPhone.Build.0 = Ad-Hoc|iPhone
		{77D0601D-6958-446C-B2AE-1369CD382949}.Ad-Hoc|iPhoneSimulator.ActiveCfg = Ad-Hoc|iPhoneSimulator
		{77D0601D-6958-446C-B2AE-1369CD382949}.Ad-Hoc|iPhoneSimulator.Build.0 = Ad-Hoc|iPhoneSimulator
		{77D0601D-6958-446C-B2AE-1369CD382949}.Ad-Hoc|x64.ActiveCfg = Ad-Hoc|iPhone
		{77D0601D-6958-446C-B2AE-1369CD382949}.Ad-Hoc|x86.ActiveCfg = Ad-Hoc|iPhone
		{77D0601D-6958-446C-B2AE-1369CD382949}.AppStore|Any CPU.ActiveCfg = AppStore|iPhone
		{77D0601D-6958-446C-B2AE-1369CD382949}.AppStore|ARM.ActiveCfg = AppStore|iPhone
		{77D0601D-6958-446C-B2AE-1369CD382949}.AppStore|iPhone.ActiveCfg = AppStore|iPhone
		{77D0601D-6958-446C-B2AE-1369CD382949}.AppStore|iPhone.Build.0 = AppStore|iPhone
		{77D0601D-6958-446C-B2AE-1369CD382949}.AppStore|iPhoneSimulator.ActiveCfg = AppStore|iPhoneSimulator
		{77D0601D-6958-446C-B2AE-1369CD382949}.AppStore|iPhoneSimulator.Build.0 = AppStore|iPhoneSimulator
		{77D0601D-6958-446C-B2AE-1369CD382949}.AppStore|x64.ActiveCfg = AppStore|iPhone
		{77D0601D-6958-446C-B2AE-1369CD382949}.AppStore|x86.ActiveCfg = AppStore|iPhone
		{77D0601D-6958-446C-B2AE-1369CD382949}.Debug|Any CPU.ActiveCfg = Debug|iPhone
		{77D0601D-6958-446C-B2AE-1369CD382949}.Debug|ARM.ActiveCfg = Debug|iPhone
		{77D0601D-6958-446C-B2AE-1369CD382949}.Debug|iPhone.ActiveCfg = Debug|iPhone
		{77D0601D-6958-446C-B2AE-1369CD382949}.Debug|iPhone.Build.0 = Debug|iPhone
		{77D0601D-6958-446C-B2AE-1369CD382949}.Debug|iPhoneSimulator.ActiveCfg = Debug|iPhoneSimulator
		{77D0601D-6958-446C-B2AE-1369CD382949}.Debug|iPhoneSimulator.Build.0 = Debug|iPhoneSimulator
		{77D0601D-6958-446C-B2AE-1369CD382949}.Debug|x64.ActiveCfg = Debug|iPhone
		{77D0601D-6958-446C-B2AE-1369CD382949}.Debug|x86.ActiveCfg = Debug|iPhone
		{77D0601D-6958-446C-B2AE-1369CD382949}.Release|Any CPU.ActiveCfg = Release|iPhoneSimulator
		{77D0601D-6958-446C-B2AE-1369CD382949}.Release|Any CPU.Build.0 = Release|iPhoneSimulator
		{77D0601D-6958-446C-B2AE-1369CD382949}.Release|ARM.ActiveCfg = Release|iPhone
		{77D0601D-6958-446C-B2AE-1369CD382949}.Release|iPhone.ActiveCfg = Release|iPhone
		{77D0601D-6958-446C-B2AE-1369CD382949}.Release|iPhone.Build.0 = Release|iPhone
		{77D0601D-6958-446C-B2AE-1369CD382949}.Release|iPhoneSimulator.ActiveCfg = Release|iPhoneSimulator
		{77D0601D-6958-446C-B2AE-1369CD382949}.Release|iPhoneSimulator.Build.0 = Release|iPhoneSimulator
		{77D0601D-6958-446C-B2AE-1369CD382949}.Release|x64.ActiveCfg = Release|iPhone
		{77D0601D-6958-446C-B2AE-1369CD382949}.Release|x86.ActiveCfg = Release|iPhone
		{27D998B9-2CA0-42CC-8D45-184197EB38BF}.Ad-Hoc|Any CPU.ActiveCfg = Release|Any CPU
		{27D998B9-2CA0-42CC-8D45-184197EB38BF}.Ad-Hoc|Any CPU.Build.0 = Release|Any CPU
		{27D998B9-2CA0-42CC-8D45-184197EB38BF}.Ad-Hoc|ARM.ActiveCfg = Release|ARM
		{27D998B9-2CA0-42CC-8D45-184197EB38BF}.Ad-Hoc|ARM.Build.0 = Release|ARM
		{27D998B9-2CA0-42CC-8D45-184197EB38BF}.Ad-Hoc|iPhone.ActiveCfg = Release|Any CPU
		{27D998B9-2CA0-42CC-8D45-184197EB38BF}.Ad-Hoc|iPhone.Build.0 = Release|Any CPU
		{27D998B9-2CA0-42CC-8D45-184197EB38BF}.Ad-Hoc|iPhoneSimulator.ActiveCfg = Release|Any CPU
		{27D998B9-2CA0-42CC-8D45-184197EB38BF}.Ad-Hoc|iPhoneSimulator.Build.0 = Release|Any CPU
		{27D998B9-2CA0-42CC-8D45-184197EB38BF}.Ad-Hoc|x64.ActiveCfg = Release|x64
		{27D998B9-2CA0-42CC-8D45-184197EB38BF}.Ad-Hoc|x64.Build.0 = Release|x64
		{27D998B9-2CA0-42CC-8D45-184197EB38BF}.Ad-Hoc|x86.ActiveCfg = Release|x86
		{27D998B9-2CA0-42CC-8D45-184197EB38BF}.Ad-Hoc|x86.Build.0 = Release|x86
		{27D998B9-2CA0-42CC-8D45-184197EB38BF}.AppStore|Any CPU.ActiveCfg = Release|Any CPU
		{27D998B9-2CA0-42CC-8D45-184197EB38BF}.AppStore|Any CPU.Build.0 = Release|Any CPU
		{27D998B9-2CA0-42CC-8D45-184197EB38BF}.AppStore|ARM.ActiveCfg = Release|ARM
		{27D998B9-2CA0-42CC-8D45-184197EB38BF}.AppStore|ARM.Build.0 = Release|ARM
		{27D998B9-2CA0-42CC-8D45-184197EB38BF}.AppStore|iPhone.ActiveCfg = Release|Any CPU
		{27D998B9-2CA0-42CC-8D45-184197EB38BF}.AppStore|iPhone.Build.0 = Release|Any CPU
		{27D998B9-2CA0-42CC-8D45-184197EB38BF}.AppStore|iPhoneSimulator.ActiveCfg = Release|Any CPU
		{27D998B9-2CA0-42CC-8D45-184197EB38BF}.AppStore|iPhoneSimulator.Build.0 = Release|Any CPU
		{27D998B9-2CA0-42CC-8D45-184197EB38BF}.AppStore|x64.ActiveCfg = Release|x64
		{27D998B9-2CA0-42CC-8D45-184197EB38BF}.AppStore|x64.Build.0 = Release|x64
		{27D998B9-2CA0-42CC-8D45-184197EB38BF}.AppStore|x86.ActiveCfg = Release|x86
		{27D998B9-2CA0-42CC-8D45-184197EB38BF}.AppStore|x86.Build.0 = Release|x86
		{27D998B9-2CA0-42CC-8D45-184197EB38BF}.Debug|Any CPU.ActiveCfg = Debug|Any CPU
		{27D998B9-2CA0-42CC-8D45-184197EB38BF}.Debug|Any CPU.Build.0 = Debug|Any CPU
		{27D998B9-2CA0-42CC-8D45-184197EB38BF}.Debug|ARM.ActiveCfg = Debug|ARM
		{27D998B9-2CA0-42CC-8D45-184197EB38BF}.Debug|ARM.Build.0 = Debug|ARM
		{27D998B9-2CA0-42CC-8D45-184197EB38BF}.Debug|iPhone.ActiveCfg = Debug|Any CPU
		{27D998B9-2CA0-42CC-8D45-184197EB38BF}.Debug|iPhone.Build.0 = Debug|Any CPU
		{27D998B9-2CA0-42CC-8D45-184197EB38BF}.Debug|iPhoneSimulator.ActiveCfg = Debug|Any CPU
		{27D998B9-2CA0-42CC-8D45-184197EB38BF}.Debug|iPhoneSimulator.Build.0 = Debug|Any CPU
		{27D998B9-2CA0-42CC-8D45-184197EB38BF}.Debug|x64.ActiveCfg = Debug|x64
		{27D998B9-2CA0-42CC-8D45-184197EB38BF}.Debug|x64.Build.0 = Debug|x64
		{27D998B9-2CA0-42CC-8D45-184197EB38BF}.Debug|x86.ActiveCfg = Debug|x86
		{27D998B9-2CA0-42CC-8D45-184197EB38BF}.Debug|x86.Build.0 = Debug|x86
		{27D998B9-2CA0-42CC-8D45-184197EB38BF}.Release|Any CPU.ActiveCfg = Release|Any CPU
		{27D998B9-2CA0-42CC-8D45-184197EB38BF}.Release|Any CPU.Build.0 = Release|Any CPU
		{27D998B9-2CA0-42CC-8D45-184197EB38BF}.Release|ARM.ActiveCfg = Release|ARM
		{27D998B9-2CA0-42CC-8D45-184197EB38BF}.Release|ARM.Build.0 = Release|ARM
		{27D998B9-2CA0-42CC-8D45-184197EB38BF}.Release|iPhone.ActiveCfg = Release|Any CPU
		{27D998B9-2CA0-42CC-8D45-184197EB38BF}.Release|iPhone.Build.0 = Release|Any CPU
		{27D998B9-2CA0-42CC-8D45-184197EB38BF}.Release|iPhoneSimulator.ActiveCfg = Release|Any CPU
		{27D998B9-2CA0-42CC-8D45-184197EB38BF}.Release|iPhoneSimulator.Build.0 = Release|Any CPU
		{27D998B9-2CA0-42CC-8D45-184197EB38BF}.Release|x64.ActiveCfg = Release|x64
		{27D998B9-2CA0-42CC-8D45-184197EB38BF}.Release|x64.Build.0 = Release|x64
		{27D998B9-2CA0-42CC-8D45-184197EB38BF}.Release|x86.ActiveCfg = Release|x86
		{27D998B9-2CA0-42CC-8D45-184197EB38BF}.Release|x86.Build.0 = Release|x86
		{8A361B3D-6A29-4CD7-9DB7-3F6BDC7B71EC}.Ad-Hoc|Any CPU.ActiveCfg = Release|Any CPU
		{8A361B3D-6A29-4CD7-9DB7-3F6BDC7B71EC}.Ad-Hoc|Any CPU.Build.0 = Release|Any CPU
		{8A361B3D-6A29-4CD7-9DB7-3F6BDC7B71EC}.Ad-Hoc|ARM.ActiveCfg = Release|Any CPU
		{8A361B3D-6A29-4CD7-9DB7-3F6BDC7B71EC}.Ad-Hoc|ARM.Build.0 = Release|Any CPU
		{8A361B3D-6A29-4CD7-9DB7-3F6BDC7B71EC}.Ad-Hoc|iPhone.ActiveCfg = Release|Any CPU
		{8A361B3D-6A29-4CD7-9DB7-3F6BDC7B71EC}.Ad-Hoc|iPhone.Build.0 = Release|Any CPU
		{8A361B3D-6A29-4CD7-9DB7-3F6BDC7B71EC}.Ad-Hoc|iPhoneSimulator.ActiveCfg = Release|Any CPU
		{8A361B3D-6A29-4CD7-9DB7-3F6BDC7B71EC}.Ad-Hoc|iPhoneSimulator.Build.0 = Release|Any CPU
		{8A361B3D-6A29-4CD7-9DB7-3F6BDC7B71EC}.Ad-Hoc|x64.ActiveCfg = Release|Any CPU
		{8A361B3D-6A29-4CD7-9DB7-3F6BDC7B71EC}.Ad-Hoc|x64.Build.0 = Release|Any CPU
		{8A361B3D-6A29-4CD7-9DB7-3F6BDC7B71EC}.Ad-Hoc|x86.ActiveCfg = Release|Any CPU
		{8A361B3D-6A29-4CD7-9DB7-3F6BDC7B71EC}.Ad-Hoc|x86.Build.0 = Release|Any CPU
		{8A361B3D-6A29-4CD7-9DB7-3F6BDC7B71EC}.AppStore|Any CPU.ActiveCfg = Release|Any CPU
		{8A361B3D-6A29-4CD7-9DB7-3F6BDC7B71EC}.AppStore|Any CPU.Build.0 = Release|Any CPU
		{8A361B3D-6A29-4CD7-9DB7-3F6BDC7B71EC}.AppStore|ARM.ActiveCfg = Release|Any CPU
		{8A361B3D-6A29-4CD7-9DB7-3F6BDC7B71EC}.AppStore|ARM.Build.0 = Release|Any CPU
		{8A361B3D-6A29-4CD7-9DB7-3F6BDC7B71EC}.AppStore|iPhone.ActiveCfg = Release|Any CPU
		{8A361B3D-6A29-4CD7-9DB7-3F6BDC7B71EC}.AppStore|iPhone.Build.0 = Release|Any CPU
		{8A361B3D-6A29-4CD7-9DB7-3F6BDC7B71EC}.AppStore|iPhoneSimulator.ActiveCfg = Release|Any CPU
		{8A361B3D-6A29-4CD7-9DB7-3F6BDC7B71EC}.AppStore|iPhoneSimulator.Build.0 = Release|Any CPU
		{8A361B3D-6A29-4CD7-9DB7-3F6BDC7B71EC}.AppStore|x64.ActiveCfg = Release|Any CPU
		{8A361B3D-6A29-4CD7-9DB7-3F6BDC7B71EC}.AppStore|x64.Build.0 = Release|Any CPU
		{8A361B3D-6A29-4CD7-9DB7-3F6BDC7B71EC}.AppStore|x86.ActiveCfg = Release|Any CPU
		{8A361B3D-6A29-4CD7-9DB7-3F6BDC7B71EC}.AppStore|x86.Build.0 = Release|Any CPU
		{8A361B3D-6A29-4CD7-9DB7-3F6BDC7B71EC}.Debug|Any CPU.ActiveCfg = Debug|Any CPU
		{8A361B3D-6A29-4CD7-9DB7-3F6BDC7B71EC}.Debug|Any CPU.Build.0 = Debug|Any CPU
		{8A361B3D-6A29-4CD7-9DB7-3F6BDC7B71EC}.Debug|ARM.ActiveCfg = Debug|Any CPU
		{8A361B3D-6A29-4CD7-9DB7-3F6BDC7B71EC}.Debug|ARM.Build.0 = Debug|Any CPU
		{8A361B3D-6A29-4CD7-9DB7-3F6BDC7B71EC}.Debug|iPhone.ActiveCfg = Debug|Any CPU
		{8A361B3D-6A29-4CD7-9DB7-3F6BDC7B71EC}.Debug|iPhone.Build.0 = Debug|Any CPU
		{8A361B3D-6A29-4CD7-9DB7-3F6BDC7B71EC}.Debug|iPhoneSimulator.ActiveCfg = Debug|Any CPU
		{8A361B3D-6A29-4CD7-9DB7-3F6BDC7B71EC}.Debug|iPhoneSimulator.Build.0 = Debug|Any CPU
		{8A361B3D-6A29-4CD7-9DB7-3F6BDC7B71EC}.Debug|x64.ActiveCfg = Debug|Any CPU
		{8A361B3D-6A29-4CD7-9DB7-3F6BDC7B71EC}.Debug|x64.Build.0 = Debug|Any CPU
		{8A361B3D-6A29-4CD7-9DB7-3F6BDC7B71EC}.Debug|x86.ActiveCfg = Debug|Any CPU
		{8A361B3D-6A29-4CD7-9DB7-3F6BDC7B71EC}.Debug|x86.Build.0 = Debug|Any CPU
		{8A361B3D-6A29-4CD7-9DB7-3F6BDC7B71EC}.Release|Any CPU.ActiveCfg = Release|Any CPU
		{8A361B3D-6A29-4CD7-9DB7-3F6BDC7B71EC}.Release|Any CPU.Build.0 = Release|Any CPU
		{8A361B3D-6A29-4CD7-9DB7-3F6BDC7B71EC}.Release|ARM.ActiveCfg = Release|Any CPU
		{8A361B3D-6A29-4CD7-9DB7-3F6BDC7B71EC}.Release|ARM.Build.0 = Release|Any CPU
		{8A361B3D-6A29-4CD7-9DB7-3F6BDC7B71EC}.Release|iPhone.ActiveCfg = Release|Any CPU
		{8A361B3D-6A29-4CD7-9DB7-3F6BDC7B71EC}.Release|iPhone.Build.0 = Release|Any CPU
		{8A361B3D-6A29-4CD7-9DB7-3F6BDC7B71EC}.Release|iPhoneSimulator.ActiveCfg = Release|Any CPU
		{8A361B3D-6A29-4CD7-9DB7-3F6BDC7B71EC}.Release|iPhoneSimulator.Build.0 = Release|Any CPU
		{8A361B3D-6A29-4CD7-9DB7-3F6BDC7B71EC}.Release|x64.ActiveCfg = Release|Any CPU
		{8A361B3D-6A29-4CD7-9DB7-3F6BDC7B71EC}.Release|x64.Build.0 = Release|Any CPU
		{8A361B3D-6A29-4CD7-9DB7-3F6BDC7B71EC}.Release|x86.ActiveCfg = Release|Any CPU
		{8A361B3D-6A29-4CD7-9DB7-3F6BDC7B71EC}.Release|x86.Build.0 = Release|Any CPU
		{446215AF-002B-4022-9650-43DEB08D7212}.Ad-Hoc|Any CPU.ActiveCfg = Release|Any CPU
		{446215AF-002B-4022-9650-43DEB08D7212}.Ad-Hoc|Any CPU.Build.0 = Release|Any CPU
		{446215AF-002B-4022-9650-43DEB08D7212}.Ad-Hoc|ARM.ActiveCfg = Release|ARM
		{446215AF-002B-4022-9650-43DEB08D7212}.Ad-Hoc|ARM.Build.0 = Release|ARM
		{446215AF-002B-4022-9650-43DEB08D7212}.Ad-Hoc|iPhone.ActiveCfg = Release|Any CPU
		{446215AF-002B-4022-9650-43DEB08D7212}.Ad-Hoc|iPhone.Build.0 = Release|Any CPU
		{446215AF-002B-4022-9650-43DEB08D7212}.Ad-Hoc|iPhoneSimulator.ActiveCfg = Release|Any CPU
		{446215AF-002B-4022-9650-43DEB08D7212}.Ad-Hoc|iPhoneSimulator.Build.0 = Release|Any CPU
		{446215AF-002B-4022-9650-43DEB08D7212}.Ad-Hoc|x64.ActiveCfg = Release|Any CPU
		{446215AF-002B-4022-9650-43DEB08D7212}.Ad-Hoc|x64.Build.0 = Release|Any CPU
		{446215AF-002B-4022-9650-43DEB08D7212}.Ad-Hoc|x86.ActiveCfg = Release|x86
		{446215AF-002B-4022-9650-43DEB08D7212}.Ad-Hoc|x86.Build.0 = Release|x86
		{446215AF-002B-4022-9650-43DEB08D7212}.AppStore|Any CPU.ActiveCfg = Release|Any CPU
		{446215AF-002B-4022-9650-43DEB08D7212}.AppStore|Any CPU.Build.0 = Release|Any CPU
		{446215AF-002B-4022-9650-43DEB08D7212}.AppStore|ARM.ActiveCfg = Release|ARM
		{446215AF-002B-4022-9650-43DEB08D7212}.AppStore|ARM.Build.0 = Release|ARM
		{446215AF-002B-4022-9650-43DEB08D7212}.AppStore|iPhone.ActiveCfg = Release|Any CPU
		{446215AF-002B-4022-9650-43DEB08D7212}.AppStore|iPhone.Build.0 = Release|Any CPU
		{446215AF-002B-4022-9650-43DEB08D7212}.AppStore|iPhoneSimulator.ActiveCfg = Release|Any CPU
		{446215AF-002B-4022-9650-43DEB08D7212}.AppStore|iPhoneSimulator.Build.0 = Release|Any CPU
		{446215AF-002B-4022-9650-43DEB08D7212}.AppStore|x64.ActiveCfg = Release|Any CPU
		{446215AF-002B-4022-9650-43DEB08D7212}.AppStore|x64.Build.0 = Release|Any CPU
		{446215AF-002B-4022-9650-43DEB08D7212}.AppStore|x86.ActiveCfg = Release|x86
		{446215AF-002B-4022-9650-43DEB08D7212}.AppStore|x86.Build.0 = Release|x86
		{446215AF-002B-4022-9650-43DEB08D7212}.Debug|Any CPU.ActiveCfg = Debug|Any CPU
		{446215AF-002B-4022-9650-43DEB08D7212}.Debug|Any CPU.Build.0 = Debug|Any CPU
		{446215AF-002B-4022-9650-43DEB08D7212}.Debug|ARM.ActiveCfg = Debug|ARM
		{446215AF-002B-4022-9650-43DEB08D7212}.Debug|ARM.Build.0 = Debug|ARM
		{446215AF-002B-4022-9650-43DEB08D7212}.Debug|iPhone.ActiveCfg = Debug|Any CPU
		{446215AF-002B-4022-9650-43DEB08D7212}.Debug|iPhone.Build.0 = Debug|Any CPU
		{446215AF-002B-4022-9650-43DEB08D7212}.Debug|iPhoneSimulator.ActiveCfg = Debug|Any CPU
		{446215AF-002B-4022-9650-43DEB08D7212}.Debug|iPhoneSimulator.Build.0 = Debug|Any CPU
		{446215AF-002B-4022-9650-43DEB08D7212}.Debug|x64.ActiveCfg = Debug|Any CPU
		{446215AF-002B-4022-9650-43DEB08D7212}.Debug|x64.Build.0 = Debug|Any CPU
		{446215AF-002B-4022-9650-43DEB08D7212}.Debug|x86.ActiveCfg = Debug|x86
		{446215AF-002B-4022-9650-43DEB08D7212}.Debug|x86.Build.0 = Debug|x86
		{446215AF-002B-4022-9650-43DEB08D7212}.Release|Any CPU.ActiveCfg = Release|Any CPU
		{446215AF-002B-4022-9650-43DEB08D7212}.Release|Any CPU.Build.0 = Release|Any CPU
		{446215AF-002B-4022-9650-43DEB08D7212}.Release|ARM.ActiveCfg = Release|ARM
		{446215AF-002B-4022-9650-43DEB08D7212}.Release|ARM.Build.0 = Release|ARM
		{446215AF-002B-4022-9650-43DEB08D7212}.Release|iPhone.ActiveCfg = Release|Any CPU
		{446215AF-002B-4022-9650-43DEB08D7212}.Release|iPhone.Build.0 = Release|Any CPU
		{446215AF-002B-4022-9650-43DEB08D7212}.Release|iPhoneSimulator.ActiveCfg = Release|Any CPU
		{446215AF-002B-4022-9650-43DEB08D7212}.Release|iPhoneSimulator.Build.0 = Release|Any CPU
		{446215AF-002B-4022-9650-43DEB08D7212}.Release|x64.ActiveCfg = Release|Any CPU
		{446215AF-002B-4022-9650-43DEB08D7212}.Release|x64.Build.0 = Release|Any CPU
		{446215AF-002B-4022-9650-43DEB08D7212}.Release|x86.ActiveCfg = Release|x86
		{446215AF-002B-4022-9650-43DEB08D7212}.Release|x86.Build.0 = Release|x86
	EndGlobalSection
	GlobalSection(SolutionProperties) = preSolution
		HideSolutionNode = FALSE
	EndGlobalSection
EndGlobal
